{
  "name": "oebb-data-collection",
  "lockfileVersion": 2,
  "requires": true,
  "packages": {
    "": {
      "dependencies": {
        "oebb": "^1.0.0"
      }
    },
    "node_modules/@sindresorhus/is": {
      "version": "0.14.0",
      "resolved": "https://registry.npmjs.org/@sindresorhus/is/-/is-0.14.0.tgz",
      "integrity": "sha512-9NET910DNaIPngYnLLPeg+Ogzqsi9uM4mSboU5y6p8S5DzMTVEsJZrawi+BoDNUVBa2DhJqQYUFvMDfgU062LQ==",
      "engines": {
        "node": ">=6"
      }
    },
    "node_modules/@szmarczak/http-timer": {
      "version": "1.1.2",
      "resolved": "https://registry.npmjs.org/@szmarczak/http-timer/-/http-timer-1.1.2.tgz",
      "integrity": "sha512-XIB2XbzHTN6ieIjfIMV9hlVcfPU26s2vafYWQcZHWXHOxiaRZYEDKEwdl129Zyg50+foYV2jCgtrqSA6qNuNSA==",
      "dependencies": {
        "defer-to-connect": "^1.0.1"
      },
      "engines": {
        "node": ">=6"
      }
    },
    "node_modules/cacheable-request": {
      "version": "6.1.0",
      "resolved": "https://registry.npmjs.org/cacheable-request/-/cacheable-request-6.1.0.tgz",
      "integrity": "sha512-Oj3cAGPCqOZX7Rz64Uny2GYAZNliQSqfbePrgAQ1wKAihYmCUnraBtJtKcGR4xz7wF+LoJC+ssFZvv5BgF9Igg==",
      "dependencies": {
        "clone-response": "^1.0.2",
        "get-stream": "^5.1.0",
        "http-cache-semantics": "^4.0.0",
        "keyv": "^3.0.0",
        "lowercase-keys": "^2.0.0",
        "normalize-url": "^4.1.0",
        "responselike": "^1.0.2"
      },
      "engines": {
        "node": ">=8"
      }
    },
    "node_modules/cacheable-request/node_modules/get-stream": {
      "version": "5.2.0",
      "resolved": "https://registry.npmjs.org/get-stream/-/get-stream-5.2.0.tgz",
      "integrity": "sha512-nBF+F1rAZVCu/p7rjzgA+Yb4lfYXrpl7a6VmJrU8wF9I1CKvP/QwPNZHnOlwbTkY6dvtFIzFMSyQXbLoTQPRpA==",
      "dependencies": {
        "pump": "^3.0.0"
      },
      "engines": {
        "node": ">=8"
      },
      "funding": {
        "url": "https://github.com/sponsors/sindresorhus"
      }
    },
    "node_modules/cacheable-request/node_modules/lowercase-keys": {
      "version": "2.0.0",
      "resolved": "https://registry.npmjs.org/lowercase-keys/-/lowercase-keys-2.0.0.tgz",
      "integrity": "sha512-tqNXrS78oMOE73NMxK4EMLQsQowWf8jKooH9g7xPavRT706R6bkQJ6DY2Te7QukaZsulxa30wQ7bk0pm4XiHmA==",
      "engines": {
        "node": ">=8"
      }
    },
    "node_modules/clone-response": {
      "version": "1.0.3",
      "resolved": "https://registry.npmjs.org/clone-response/-/clone-response-1.0.3.tgz",
      "integrity": "sha512-ROoL94jJH2dUVML2Y/5PEDNaSHgeOdSDicUyS7izcF63G6sTc/FTjLub4b8Il9S8S0beOfYt0TaA5qvFK+w0wA==",
      "dependencies": {
        "mimic-response": "^1.0.0"
      },
      "funding": {
        "url": "https://github.com/sponsors/sindresorhus"
      }
    },
    "node_modules/decode-uri-component": {
      "version": "0.2.0",
      "resolved": "https://registry.npmjs.org/decode-uri-component/-/decode-uri-component-0.2.0.tgz",
      "integrity": "sha512-hjf+xovcEn31w/EUYdTXQh/8smFL/dzYjohQGEIgjyNavaJfBY2p5F527Bo1VPATxv0VYTUC2bOcXvqFwk78Og==",
      "engines": {
        "node": ">=0.10"
      }
    },
    "node_modules/decompress-response": {
      "version": "3.3.0",
      "resolved": "https://registry.npmjs.org/decompress-response/-/decompress-response-3.3.0.tgz",
      "integrity": "sha512-BzRPQuY1ip+qDonAOz42gRm/pg9F768C+npV/4JOsxRC2sq+Rlk+Q4ZCAsOhnIaMrgarILY+RMUIvMmmX1qAEA==",
      "dependencies": {
        "mimic-response": "^1.0.0"
      },
      "engines": {
        "node": ">=4"
      }
    },
    "node_modules/defer-to-connect": {
      "version": "1.1.3",
      "resolved": "https://registry.npmjs.org/defer-to-connect/-/defer-to-connect-1.1.3.tgz",
      "integrity": "sha512-0ISdNousHvZT2EiFlZeZAHBUvSxmKswVCEf8hW7KWgG4a8MVEu/3Vb6uWYozkjylyCxe0JBIiRB1jV45S70WVQ=="
    },
    "node_modules/duplexer3": {
      "version": "0.1.5",
      "resolved": "https://registry.npmjs.org/duplexer3/-/duplexer3-0.1.5.tgz",
      "integrity": "sha512-1A8za6ws41LQgv9HrE/66jyC5yuSjQ3L/KOpFtoBilsAK2iA2wuS5rTt1OCzIvtS2V7nVmedsUU+DGRcjBmOYA=="
    },
    "node_modules/end-of-stream": {
      "version": "1.4.4",
      "resolved": "https://registry.npmjs.org/end-of-stream/-/end-of-stream-1.4.4.tgz",
      "integrity": "sha512-+uw1inIHVPQoaVuHzRyXd21icM+cnt4CzD5rW+NC1wjOUSTOs+Te7FOv7AhN7vS9x/oIyhLP5PR1H+phQAHu5Q==",
      "dependencies": {
        "once": "^1.4.0"
      }
    },
    "node_modules/filter-obj": {
      "version": "1.1.0",
      "resolved": "https://registry.npmjs.org/filter-obj/-/filter-obj-1.1.0.tgz",
      "integrity": "sha512-8rXg1ZnX7xzy2NGDVkBVaAy+lSlPNwad13BtgSlLuxfIslyt5Vg64U7tFcCt4WS1R0hvtnQybT/IyCkGZ3DpXQ==",
      "engines": {
        "node": ">=0.10.0"
      }
    },
    "node_modules/fpti": {
      "version": "0.2.0",
      "resolved": "https://registry.npmjs.org/fpti/-/fpti-0.2.0.tgz",
      "integrity": "sha512-FKissgPLt56SRckz1UbmJXpyFkbokkQbr525w9+nsjJ2A3Ie6g/lj1VHf+LE8te96d9U1RXPoGsAGW9yPIYzrQ=="
    },
    "node_modules/fpti-util": {
      "version": "0.1.0",
      "resolved": "https://registry.npmjs.org/fpti-util/-/fpti-util-0.1.0.tgz",
      "integrity": "sha512-+Ce24zii4SU8COft/a9mJjYxENCGlNWgQhEV9Rc0cXJkavZ+UHR209aV2uRDyuRaxS7zlq9pc/kb6nXna0hywg==",
      "dependencies": {
        "fpti": "0.2.0",
        "is-currency-code": "^1.2.0",
        "lodash.isdate": "^4.0.1",
        "lodash.isnull": "^3.0.0",
        "lodash.isnumber": "^3.0.3",
        "lodash.isobject": "^3.0.2",
        "lodash.isstring": "^4.0.1",
        "lodash.isundefined": "^3.0.1",
        "lodash.omit": "^4.5.0",
        "validate-fptf": "^2.1.1"
      },
      "engines": {
        "node": ">=8"
      }
    },
    "node_modules/get-stream": {
      "version": "4.1.0",
      "resolved": "https://registry.npmjs.org/get-stream/-/get-stream-4.1.0.tgz",
      "integrity": "sha512-GMat4EJ5161kIy2HevLlr4luNjBgvmj413KaQA7jt4V8B4RDsfpHk7WQ9GVqfYyyx8OS/L66Kox+rJRNklLK7w==",
      "dependencies": {
        "pump": "^3.0.0"
      },
      "engines": {
        "node": ">=6"
      }
    },
    "node_modules/got": {
      "version": "9.6.0",
      "resolved": "https://registry.npmjs.org/got/-/got-9.6.0.tgz",
      "integrity": "sha512-R7eWptXuGYxwijs0eV+v3o6+XH1IqVK8dJOEecQfTmkncw9AV4dcw/Dhxi8MdlqPthxxpZyizMzyg8RTmEsG+Q==",
      "dependencies": {
        "@sindresorhus/is": "^0.14.0",
        "@szmarczak/http-timer": "^1.1.2",
        "cacheable-request": "^6.0.0",
        "decompress-response": "^3.3.0",
        "duplexer3": "^0.1.4",
        "get-stream": "^4.1.0",
        "lowercase-keys": "^1.0.1",
        "mimic-response": "^1.0.1",
        "p-cancelable": "^1.0.0",
        "to-readable-stream": "^1.0.0",
        "url-parse-lax": "^3.0.0"
      },
      "engines": {
        "node": ">=8.6"
      }
    },
    "node_modules/http-cache-semantics": {
      "version": "4.1.0",
      "resolved": "https://registry.npmjs.org/http-cache-semantics/-/http-cache-semantics-4.1.0.tgz",
      "integrity": "sha512-carPklcUh7ROWRK7Cv27RPtdhYhUsela/ue5/jKzjegVvXDqM2ILE9Q2BGn9JZJh1g87cp56su/FgQSzcWS8cQ=="
    },
    "node_modules/is-coordinates": {
      "version": "2.0.2",
      "resolved": "https://registry.npmjs.org/is-coordinates/-/is-coordinates-2.0.2.tgz",
      "integrity": "sha512-AziFHSTt7yK8LkZmRJTXMcX1F/5w3ZQEQ/P9kpI64GWJdxC+flPHvrLAiUQEW8msjVwLa86AzqdFTtwUhCpcgQ==",
      "engines": {
        "node": ">=4"
      }
    },
    "node_modules/is-currency-code": {
      "version": "1.2.0",
      "resolved": "https://registry.npmjs.org/is-currency-code/-/is-currency-code-1.2.0.tgz",
      "integrity": "sha512-rm+zNay1cLXY2Nw7TE5mpR3SY6Uuxc7V7VgTqWBK7k3IkcxqPDP25Ar0a8Y6kuE9EnIFlQA93u3E5ni73AzKkA=="
    },
    "node_modules/json-buffer": {
      "version": "3.0.0",
      "resolved": "https://registry.npmjs.org/json-buffer/-/json-buffer-3.0.0.tgz",
      "integrity": "sha512-CuUqjv0FUZIdXkHPI8MezCnFCdaTAacej1TZYulLoAg1h/PhwkdXFN4V/gzY4g+fMBCOV2xF+rp7t2XD2ns/NQ=="
    },
    "node_modules/keyv": {
      "version": "3.1.0",
      "resolved": "https://registry.npmjs.org/keyv/-/keyv-3.1.0.tgz",
      "integrity": "sha512-9ykJ/46SN/9KPM/sichzQ7OvXyGDYKGTaDlKMGCAlg2UK8KRy4jb0d8sFc+0Tt0YYnThq8X2RZgCg74RPxgcVA==",
      "dependencies": {
        "json-buffer": "3.0.0"
      }
    },
    "node_modules/lodash": {
      "version": "4.17.21",
      "resolved": "https://registry.npmjs.org/lodash/-/lodash-4.17.21.tgz",
      "integrity": "sha512-v2kDEe57lecTulaDIuNTPy3Ry4gLGJ6Z1O3vE1krgXZNrsQ+LFTGHVxVjcXPs17LhbZVGedAJv8XZ1tvj5FvSg=="
    },
    "node_modules/lodash.isdate": {
      "version": "4.0.1",
      "resolved": "https://registry.npmjs.org/lodash.isdate/-/lodash.isdate-4.0.1.tgz",
      "integrity": "sha512-hg5B1GD+R9egsBgMwmAhk+V53Us03TVvXT4dnyKugEfsD4QKuG9Wlyvxq8OGy2nu7qVGsh4DRSnMk33hoWBq/Q=="
    },
    "node_modules/lodash.isnull": {
      "version": "3.0.0",
      "resolved": "https://registry.npmjs.org/lodash.isnull/-/lodash.isnull-3.0.0.tgz",
      "integrity": "sha512-9D6/H5PSHfhyPwZerI9J5hKBaXayxhVy7gt6OBAsXv8XBm+i107KqG99AoeIJObC6uCnVwp1LM7Ww1DKYYIKog=="
    },
    "node_modules/lodash.isnumber": {
      "version": "3.0.3",
      "resolved": "https://registry.npmjs.org/lodash.isnumber/-/lodash.isnumber-3.0.3.tgz",
      "integrity": "sha512-QYqzpfwO3/CWf3XP+Z+tkQsfaLL/EnUlXWVkIk5FUPc4sBdTehEqZONuyRt2P67PXAk+NXmTBcc97zw9t1FQrw=="
    },
    "node_modules/lodash.isobject": {
      "version": "3.0.2",
      "resolved": "https://registry.npmjs.org/lodash.isobject/-/lodash.isobject-3.0.2.tgz",
      "integrity": "sha512-3/Qptq2vr7WeJbB4KHUSKlq8Pl7ASXi3UG6CMbBm8WRtXi8+GHm7mKaU3urfpSEzWe2wCIChs6/sdocUsTKJiA=="
    },
    "node_modules/lodash.isstring": {
      "version": "4.0.1",
      "resolved": "https://registry.npmjs.org/lodash.isstring/-/lodash.isstring-4.0.1.tgz",
      "integrity": "sha512-0wJxfxH1wgO3GrbuP+dTTk7op+6L41QCXbGINEmD+ny/G/eCqGzxyCsh7159S+mgDDcoarnBw6PC1PS5+wUGgw=="
    },
    "node_modules/lodash.isundefined": {
      "version": "3.0.1",
      "resolved": "https://registry.npmjs.org/lodash.isundefined/-/lodash.isundefined-3.0.1.tgz",
      "integrity": "sha512-MXB1is3s899/cD8jheYYE2V9qTHwKvt+npCwpD+1Sxm3Q3cECXCiYHjeHWXNwr6Q0SOBPrYUDxendrO6goVTEA=="
    },
    "node_modules/lodash.omit": {
      "version": "4.5.0",
      "resolved": "https://registry.npmjs.org/lodash.omit/-/lodash.omit-4.5.0.tgz",
      "integrity": "sha512-XeqSp49hNGmlkj2EJlfrQFIzQ6lXdNro9sddtQzcJY8QaoC2GO0DT7xaIokHeyM+mIT0mPMlPvkYzg2xCuHdZg=="
    },
    "node_modules/lowercase-keys": {
      "version": "1.0.1",
      "resolved": "https://registry.npmjs.org/lowercase-keys/-/lowercase-keys-1.0.1.tgz",
      "integrity": "sha512-G2Lj61tXDnVFFOi8VZds+SoQjtQC3dgokKdDG2mTm1tx4m50NUHBOZSBwQQHyy0V12A0JTG4icfZQH+xPyh8VA==",
      "engines": {
        "node": ">=0.10.0"
      }
    },
    "node_modules/luxon": {
      "version": "1.28.0",
      "resolved": "https://registry.npmjs.org/luxon/-/luxon-1.28.0.tgz",
      "integrity": "sha512-TfTiyvZhwBYM/7QdAVDh+7dBTBA29v4ik0Ce9zda3Mnf8on1S5KJI8P2jKFZ8+5C0jhmr0KwJEO/Wdpm0VeWJQ==",
      "engines": {
        "node": "*"
      }
    },
    "node_modules/mimic-response": {
      "version": "1.0.1",
      "resolved": "https://registry.npmjs.org/mimic-response/-/mimic-response-1.0.1.tgz",
      "integrity": "sha512-j5EctnkH7amfV/q5Hgmoal1g2QHFJRraOtmx0JpIqkxhBhI/lJSl1nMpQ45hVarwNETOoWEimndZ4QK0RHxuxQ==",
      "engines": {
        "node": ">=4"
      }
    },
    "node_modules/normalize-url": {
      "version": "4.5.1",
      "resolved": "https://registry.npmjs.org/normalize-url/-/normalize-url-4.5.1.tgz",
      "integrity": "sha512-9UZCFRHQdNrfTpGg8+1INIg93B6zE0aXMVFkw1WFwvO4SlZywU6aLg5Of0Ap/PgcbSw4LNxvMWXMeugwMCX0AA==",
      "engines": {
        "node": ">=8"
      }
    },
    "node_modules/oebb": {
      "version": "1.0.0",
      "resolved": "https://registry.npmjs.org/oebb/-/oebb-1.0.0.tgz",
      "integrity": "sha512-ArcD48E911OUmAGYfp6+4fJjTM1453OT/grYvhZudtmxt5VwBpY5TGFnBJH/JfPUmTzFfE3c+n6hKKrDpb4kQg==",
      "dependencies": {
        "fpti-util": "^0.1.0",
        "got": "^9.6.0",
        "lodash": "^4.17.15",
        "luxon": "^1.19.3",
        "query-string": "^6.8.3"
      },
      "engines": {
        "node": ">=10"
      }
    },
    "node_modules/once": {
      "version": "1.4.0",
      "resolved": "https://registry.npmjs.org/once/-/once-1.4.0.tgz",
      "integrity": "sha512-lNaJgI+2Q5URQBkccEKHTQOPaXdUxnZZElQTZY0MFUAuaEqe1E+Nyvgdz/aIyNi6Z9MzO5dv1H8n58/GELp3+w==",
      "dependencies": {
        "wrappy": "1"
      }
    },
    "node_modules/p-cancelable": {
      "version": "1.1.0",
      "resolved": "https://registry.npmjs.org/p-cancelable/-/p-cancelable-1.1.0.tgz",
      "integrity": "sha512-s73XxOZ4zpt1edZYZzvhqFa6uvQc1vwUa0K0BdtIZgQMAJj9IbebH+JkgKZc9h+B05PKHLOTl4ajG1BmNrVZlw==",
      "engines": {
        "node": ">=6"
      }
    },
    "node_modules/prepend-http": {
      "version": "2.0.0",
      "resolved": "https://registry.npmjs.org/prepend-http/-/prepend-http-2.0.0.tgz",
      "integrity": "sha512-ravE6m9Atw9Z/jjttRUZ+clIXogdghyZAuWJ3qEzjT+jI/dL1ifAqhZeC5VHzQp1MSt1+jxKkFNemj/iO7tVUA==",
      "engines": {
        "node": ">=4"
      }
    },
    "node_modules/pump": {
      "version": "3.0.0",
      "resolved": "https://registry.npmjs.org/pump/-/pump-3.0.0.tgz",
      "integrity": "sha512-LwZy+p3SFs1Pytd/jYct4wpv49HiYCqd9Rlc5ZVdk0V+8Yzv6jR5Blk3TRmPL1ft69TxP0IMZGJ+WPFU2BFhww==",
      "dependencies": {
        "end-of-stream": "^1.1.0",
        "once": "^1.3.1"
      }
    },
    "node_modules/query-string": {
      "version": "6.14.1",
      "resolved": "https://registry.npmjs.org/query-string/-/query-string-6.14.1.tgz",
      "integrity": "sha512-XDxAeVmpfu1/6IjyT/gXHOl+S0vQ9owggJ30hhWKdHAsNPOcasn5o9BW0eejZqL2e4vMjhAxoW3jVHcD6mbcYw==",
      "dependencies": {
        "decode-uri-component": "^0.2.0",
        "filter-obj": "^1.1.0",
        "split-on-first": "^1.0.0",
        "strict-uri-encode": "^2.0.0"
      },
      "engines": {
        "node": ">=6"
      },
      "funding": {
        "url": "https://github.com/sponsors/sindresorhus"
      }
    },
    "node_modules/responselike": {
      "version": "1.0.2",
      "resolved": "https://registry.npmjs.org/responselike/-/responselike-1.0.2.tgz",
      "integrity": "sha512-/Fpe5guzJk1gPqdJLJR5u7eG/gNY4nImjbRDaVWVMRhne55TCmj2i9Q+54PBRfatRC8v/rIiv9BN0pMd9OV5EQ==",
      "dependencies": {
        "lowercase-keys": "^1.0.0"
      }
    },
    "node_modules/split-on-first": {
      "version": "1.1.0",
      "resolved": "https://registry.npmjs.org/split-on-first/-/split-on-first-1.1.0.tgz",
      "integrity": "sha512-43ZssAJaMusuKWL8sKUBQXHWOpq8d6CfN/u1p4gUzfJkM05C8rxTmYrkIPTXapZpORA6LkkzcUulJ8FqA7Uudw==",
      "engines": {
        "node": ">=6"
      }
    },
    "node_modules/strict-uri-encode": {
      "version": "2.0.0",
      "resolved": "https://registry.npmjs.org/strict-uri-encode/-/strict-uri-encode-2.0.0.tgz",
      "integrity": "sha512-QwiXZgpRcKkhTj2Scnn++4PKtWsH0kpzZ62L2R6c/LUVYv7hVnZqcg2+sMuT6R7Jusu1vviK/MFsu6kNJfWlEQ==",
      "engines": {
        "node": ">=4"
      }
    },
    "node_modules/to-readable-stream": {
      "version": "1.0.0",
      "resolved": "https://registry.npmjs.org/to-readable-stream/-/to-readable-stream-1.0.0.tgz",
      "integrity": "sha512-Iq25XBt6zD5npPhlLVXGFN3/gyR2/qODcKNNyTMd4vbm39HUaOiAM4PMq0eMVC/Tkxz+Zjdsc55g9yyz+Yq00Q==",
      "engines": {
        "node": ">=6"
      }
    },
    "node_modules/url-parse-lax": {
      "version": "3.0.0",
      "resolved": "https://registry.npmjs.org/url-parse-lax/-/url-parse-lax-3.0.0.tgz",
      "integrity": "sha512-NjFKA0DidqPa5ciFcSrXnAltTtzz84ogy+NebPvfEgAck0+TNg4UJ4IN+fB7zRZfbgUf0syOo9MDxFkDSMuFaQ==",
      "dependencies": {
        "prepend-http": "^2.0.0"
      },
      "engines": {
        "node": ">=4"
      }
    },
    "node_modules/validate-fptf": {
      "version": "2.2.0",
      "resolved": "https://registry.npmjs.org/validate-fptf/-/validate-fptf-2.2.0.tgz",
      "integrity": "sha512-k+CEH2yYs/Je1tlLYPhv1lOR2mvaa//riLMPuAEUO0xdzvZPRIaG9sbbeSSuiKhK09y7XFNRYoE4cFIrQIfQIw==",
      "dependencies": {
        "@sindresorhus/is": "^0.3.0",
        "is-coordinates": "^2.0.2",
        "is-currency-code": "^1.2.0"
      },
      "engines": {
        "node": ">=6"
      }
    },
    "node_modules/validate-fptf/node_modules/@sindresorhus/is": {
      "version": "0.3.0",
      "resolved": "https://registry.npmjs.org/@sindresorhus/is/-/is-0.3.0.tgz",
      "integrity": "sha512-oITNea0S2WJA4WCkoiQxjZKPEKkdE/9xYcGxkMu4PqVxaU91541HdudB25Z8im58jJ3z7yOx1WQQG2jWIzZ5xQ==",
      "engines": {
        "node": ">=4"
      }
    },
    "node_modules/wrappy": {
      "version": "1.0.2",
      "resolved": "https://registry.npmjs.org/wrappy/-/wrappy-1.0.2.tgz",
      "integrity": "sha512-l4Sp/DRseor9wL6EvV2+TuQn63dMkPjZ/sp9XkghTEbV9KlPS1xUsZ3u7/IQO4wxtcFB4bgpQPRcR3QCvezPcQ=="
    }
  },
  "dependencies": {
    "@sindresorhus/is": {
      "version": "0.14.0",
      "resolved": "https://registry.npmjs.org/@sindresorhus/is/-/is-0.14.0.tgz",
      "integrity": "sha512-9NET910DNaIPngYnLLPeg+Ogzqsi9uM4mSboU5y6p8S5DzMTVEsJZrawi+BoDNUVBa2DhJqQYUFvMDfgU062LQ=="
    },
    "@szmarczak/http-timer": {
      "version": "1.1.2",
      "resolved": "https://registry.npmjs.org/@szmarczak/http-timer/-/http-timer-1.1.2.tgz",
      "integrity": "sha512-XIB2XbzHTN6ieIjfIMV9hlVcfPU26s2vafYWQcZHWXHOxiaRZYEDKEwdl129Zyg50+foYV2jCgtrqSA6qNuNSA==",
      "requires": {
        "defer-to-connect": "^1.0.1"
      }
    },
    "cacheable-request": {
      "version": "6.1.0",
      "resolved": "https://registry.npmjs.org/cacheable-request/-/cacheable-request-6.1.0.tgz",
      "integrity": "sha512-Oj3cAGPCqOZX7Rz64Uny2GYAZNliQSqfbePrgAQ1wKAihYmCUnraBtJtKcGR4xz7wF+LoJC+ssFZvv5BgF9Igg==",
      "requires": {
        "clone-response": "^1.0.2",
        "get-stream": "^5.1.0",
        "http-cache-semantics": "^4.0.0",
        "keyv": "^3.0.0",
        "lowercase-keys": "^2.0.0",
        "normalize-url": "^4.1.0",
        "responselike": "^1.0.2"
      },
      "dependencies": {
        "get-stream": {
          "version": "5.2.0",
          "resolved": "https://registry.npmjs.org/get-stream/-/get-stream-5.2.0.tgz",
          "integrity": "sha512-nBF+F1rAZVCu/p7rjzgA+Yb4lfYXrpl7a6VmJrU8wF9I1CKvP/QwPNZHnOlwbTkY6dvtFIzFMSyQXbLoTQPRpA==",
          "requires": {
            "pump": "^3.0.0"
          }
        },
        "lowercase-keys": {
          "version": "2.0.0",
          "resolved": "https://registry.npmjs.org/lowercase-keys/-/lowercase-keys-2.0.0.tgz",
          "integrity": "sha512-tqNXrS78oMOE73NMxK4EMLQsQowWf8jKooH9g7xPavRT706R6bkQJ6DY2Te7QukaZsulxa30wQ7bk0pm4XiHmA=="
        }
      }
    },
    "clone-response": {
      "version": "1.0.3",
      "resolved": "https://registry.npmjs.org/clone-response/-/clone-response-1.0.3.tgz",
      "integrity": "sha512-ROoL94jJH2dUVML2Y/5PEDNaSHgeOdSDicUyS7izcF63G6sTc/FTjLub4b8Il9S8S0beOfYt0TaA5qvFK+w0wA==",
      "requires": {
        "mimic-response": "^1.0.0"
      }
    },
    "decode-uri-component": {
      "version": "0.2.0",
      "resolved": "https://registry.npmjs.org/decode-uri-component/-/decode-uri-component-0.2.0.tgz",
      "integrity": "sha512-hjf+xovcEn31w/EUYdTXQh/8smFL/dzYjohQGEIgjyNavaJfBY2p5F527Bo1VPATxv0VYTUC2bOcXvqFwk78Og=="
    },
    "decompress-response": {
      "version": "3.3.0",
      "resolved": "https://registry.npmjs.org/decompress-response/-/decompress-response-3.3.0.tgz",
      "integrity": "sha512-BzRPQuY1ip+qDonAOz42gRm/pg9F768C+npV/4JOsxRC2sq+Rlk+Q4ZCAsOhnIaMrgarILY+RMUIvMmmX1qAEA==",
      "requires": {
        "mimic-response": "^1.0.0"
      }
    },
    "defer-to-connect": {
      "version": "1.1.3",
      "resolved": "https://registry.npmjs.org/defer-to-connect/-/defer-to-connect-1.1.3.tgz",
      "integrity": "sha512-0ISdNousHvZT2EiFlZeZAHBUvSxmKswVCEf8hW7KWgG4a8MVEu/3Vb6uWYozkjylyCxe0JBIiRB1jV45S70WVQ=="
    },
    "duplexer3": {
      "version": "0.1.5",
      "resolved": "https://registry.npmjs.org/duplexer3/-/duplexer3-0.1.5.tgz",
      "integrity": "sha512-1A8za6ws41LQgv9HrE/66jyC5yuSjQ3L/KOpFtoBilsAK2iA2wuS5rTt1OCzIvtS2V7nVmedsUU+DGRcjBmOYA=="
    },
    "end-of-stream": {
      "version": "1.4.4",
      "resolved": "https://registry.npmjs.org/end-of-stream/-/end-of-stream-1.4.4.tgz",
      "integrity": "sha512-+uw1inIHVPQoaVuHzRyXd21icM+cnt4CzD5rW+NC1wjOUSTOs+Te7FOv7AhN7vS9x/oIyhLP5PR1H+phQAHu5Q==",
      "requires": {
        "once": "^1.4.0"
      }
    },
    "filter-obj": {
      "version": "1.1.0",
      "resolved": "https://registry.npmjs.org/filter-obj/-/filter-obj-1.1.0.tgz",
      "integrity": "sha512-8rXg1ZnX7xzy2NGDVkBVaAy+lSlPNwad13BtgSlLuxfIslyt5Vg64U7tFcCt4WS1R0hvtnQybT/IyCkGZ3DpXQ=="
    },
    "fpti": {
      "version": "0.2.0",
      "resolved": "https://registry.npmjs.org/fpti/-/fpti-0.2.0.tgz",
      "integrity": "sha512-FKissgPLt56SRckz1UbmJXpyFkbokkQbr525w9+nsjJ2A3Ie6g/lj1VHf+LE8te96d9U1RXPoGsAGW9yPIYzrQ=="
    },
    "fpti-util": {
      "version": "0.1.0",
      "resolved": "https://registry.npmjs.org/fpti-util/-/fpti-util-0.1.0.tgz",
      "integrity": "sha512-+Ce24zii4SU8COft/a9mJjYxENCGlNWgQhEV9Rc0cXJkavZ+UHR209aV2uRDyuRaxS7zlq9pc/kb6nXna0hywg==",
      "requires": {
        "fpti": "0.2.0",
        "is-currency-code": "^1.2.0",
        "lodash.isdate": "^4.0.1",
        "lodash.isnull": "^3.0.0",
        "lodash.isnumber": "^3.0.3",
        "lodash.isobject": "^3.0.2",
        "lodash.isstring": "^4.0.1",
        "lodash.isundefined": "^3.0.1",
        "lodash.omit": "^4.5.0",
        "validate-fptf": "^2.1.1"
      }
    },
    "get-stream": {
      "version": "4.1.0",
      "resolved": "https://registry.npmjs.org/get-stream/-/get-stream-4.1.0.tgz",
      "integrity": "sha512-GMat4EJ5161kIy2HevLlr4luNjBgvmj413KaQA7jt4V8B4RDsfpHk7WQ9GVqfYyyx8OS/L66Kox+rJRNklLK7w==",
      "requires": {
        "pump": "^3.0.0"
      }
    },
    "got": {
      "version": "9.6.0",
      "resolved": "https://registry.npmjs.org/got/-/got-9.6.0.tgz",
      "integrity": "sha512-R7eWptXuGYxwijs0eV+v3o6+XH1IqVK8dJOEecQfTmkncw9AV4dcw/Dhxi8MdlqPthxxpZyizMzyg8RTmEsG+Q==",
      "requires": {
        "@sindresorhus/is": "^0.14.0",
        "@szmarczak/http-timer": "^1.1.2",
        "cacheable-request": "^6.0.0",
        "decompress-response": "^3.3.0",
        "duplexer3": "^0.1.4",
        "get-stream": "^4.1.0",
        "lowercase-keys": "^1.0.1",
        "mimic-response": "^1.0.1",
        "p-cancelable": "^1.0.0",
        "to-readable-stream": "^1.0.0",
        "url-parse-lax": "^3.0.0"
      }
    },
    "http-cache-semantics": {
      "version": "4.1.0",
      "resolved": "https://registry.npmjs.org/http-cache-semantics/-/http-cache-semantics-4.1.0.tgz",
      "integrity": "sha512-carPklcUh7ROWRK7Cv27RPtdhYhUsela/ue5/jKzjegVvXDqM2ILE9Q2BGn9JZJh1g87cp56su/FgQSzcWS8cQ=="
    },
    "is-coordinates": {
      "version": "2.0.2",
      "resolved": "https://registry.npmjs.org/is-coordinates/-/is-coordinates-2.0.2.tgz",
      "integrity": "sha512-AziFHSTt7yK8LkZmRJTXMcX1F/5w3ZQEQ/P9kpI64GWJdxC+flPHvrLAiUQEW8msjVwLa86AzqdFTtwUhCpcgQ=="
    },
    "is-currency-code": {
      "version": "1.2.0",
      "resolved": "https://registry.npmjs.org/is-currency-code/-/is-currency-code-1.2.0.tgz",
      "integrity": "sha512-rm+zNay1cLXY2Nw7TE5mpR3SY6Uuxc7V7VgTqWBK7k3IkcxqPDP25Ar0a8Y6kuE9EnIFlQA93u3E5ni73AzKkA=="
    },
    "json-buffer": {
      "version": "3.0.0",
      "resolved": "https://registry.npmjs.org/json-buffer/-/json-buffer-3.0.0.tgz",
      "integrity": "sha512-CuUqjv0FUZIdXkHPI8MezCnFCdaTAacej1TZYulLoAg1h/PhwkdXFN4V/gzY4g+fMBCOV2xF+rp7t2XD2ns/NQ=="
    },
    "keyv": {
      "version": "3.1.0",
      "resolved": "https://registry.npmjs.org/keyv/-/keyv-3.1.0.tgz",
      "integrity": "sha512-9ykJ/46SN/9KPM/sichzQ7OvXyGDYKGTaDlKMGCAlg2UK8KRy4jb0d8sFc+0Tt0YYnThq8X2RZgCg74RPxgcVA==",
      "requires": {
        "json-buffer": "3.0.0"
      }
    },
    "lodash": {
      "version": "4.17.21",
      "resolved": "https://registry.npmjs.org/lodash/-/lodash-4.17.21.tgz",
      "integrity": "sha512-v2kDEe57lecTulaDIuNTPy3Ry4gLGJ6Z1O3vE1krgXZNrsQ+LFTGHVxVjcXPs17LhbZVGedAJv8XZ1tvj5FvSg=="
    },
    "lodash.isdate": {
      "version": "4.0.1",
      "resolved": "https://registry.npmjs.org/lodash.isdate/-/lodash.isdate-4.0.1.tgz",
      "integrity": "sha512-hg5B1GD+R9egsBgMwmAhk+V53Us03TVvXT4dnyKugEfsD4QKuG9Wlyvxq8OGy2nu7qVGsh4DRSnMk33hoWBq/Q=="
    },
    "lodash.isnull": {
      "version": "3.0.0",
      "resolved": "https://registry.npmjs.org/lodash.isnull/-/lodash.isnull-3.0.0.tgz",
      "integrity": "sha512-9D6/H5PSHfhyPwZerI9J5hKBaXayxhVy7gt6OBAsXv8XBm+i107KqG99AoeIJObC6uCnVwp1LM7Ww1DKYYIKog=="
    },
    "lodash.isnumber": {
      "version": "3.0.3",
      "resolved": "https://registry.npmjs.org/lodash.isnumber/-/lodash.isnumber-3.0.3.tgz",
      "integrity": "sha512-QYqzpfwO3/CWf3XP+Z+tkQsfaLL/EnUlXWVkIk5FUPc4sBdTehEqZONuyRt2P67PXAk+NXmTBcc97zw9t1FQrw=="
    },
    "lodash.isobject": {
      "version": "3.0.2",
      "resolved": "https://registry.npmjs.org/lodash.isobject/-/lodash.isobject-3.0.2.tgz",
      "integrity": "sha512-3/Qptq2vr7WeJbB4KHUSKlq8Pl7ASXi3UG6CMbBm8WRtXi8+GHm7mKaU3urfpSEzWe2wCIChs6/sdocUsTKJiA=="
    },
    "lodash.isstring": {
      "version": "4.0.1",
      "resolved": "https://registry.npmjs.org/lodash.isstring/-/lodash.isstring-4.0.1.tgz",
      "integrity": "sha512-0wJxfxH1wgO3GrbuP+dTTk7op+6L41QCXbGINEmD+ny/G/eCqGzxyCsh7159S+mgDDcoarnBw6PC1PS5+wUGgw=="
    },
    "lodash.isundefined": {
      "version": "3.0.1",
      "resolved": "https://registry.npmjs.org/lodash.isundefined/-/lodash.isundefined-3.0.1.tgz",
      "integrity": "sha512-MXB1is3s899/cD8jheYYE2V9qTHwKvt+npCwpD+1Sxm3Q3cECXCiYHjeHWXNwr6Q0SOBPrYUDxendrO6goVTEA=="
    },
    "lodash.omit": {
      "version": "4.5.0",
      "resolved": "https://registry.npmjs.org/lodash.omit/-/lodash.omit-4.5.0.tgz",
      "integrity": "sha512-XeqSp49hNGmlkj2EJlfrQFIzQ6lXdNro9sddtQzcJY8QaoC2GO0DT7xaIokHeyM+mIT0mPMlPvkYzg2xCuHdZg=="
    },
    "lowercase-keys": {
      "version": "1.0.1",
      "resolved": "https://registry.npmjs.org/lowercase-keys/-/lowercase-keys-1.0.1.tgz",
      "integrity": "sha512-G2Lj61tXDnVFFOi8VZds+SoQjtQC3dgokKdDG2mTm1tx4m50NUHBOZSBwQQHyy0V12A0JTG4icfZQH+xPyh8VA=="
    },
    "luxon": {
      "version": "1.28.0",
      "resolved": "https://registry.npmjs.org/luxon/-/luxon-1.28.0.tgz",
      "integrity": "sha512-TfTiyvZhwBYM/7QdAVDh+7dBTBA29v4ik0Ce9zda3Mnf8on1S5KJI8P2jKFZ8+5C0jhmr0KwJEO/Wdpm0VeWJQ=="
    },
    "mimic-response": {
      "version": "1.0.1",
      "resolved": "https://registry.npmjs.org/mimic-response/-/mimic-response-1.0.1.tgz",
      "integrity": "sha512-j5EctnkH7amfV/q5Hgmoal1g2QHFJRraOtmx0JpIqkxhBhI/lJSl1nMpQ45hVarwNETOoWEimndZ4QK0RHxuxQ=="
    },
    "normalize-url": {
      "version": "4.5.1",
      "resolved": "https://registry.npmjs.org/normalize-url/-/normalize-url-4.5.1.tgz",
      "integrity": "sha512-9UZCFRHQdNrfTpGg8+1INIg93B6zE0aXMVFkw1WFwvO4SlZywU6aLg5Of0Ap/PgcbSw4LNxvMWXMeugwMCX0AA=="
    },
    "oebb": {
      "version": "1.0.0",
      "resolved": "https://registry.npmjs.org/oebb/-/oebb-1.0.0.tgz",
      "integrity": "sha512-ArcD48E911OUmAGYfp6+4fJjTM1453OT/grYvhZudtmxt5VwBpY5TGFnBJH/JfPUmTzFfE3c+n6hKKrDpb4kQg==",
      "requires": {
        "fpti-util": "^0.1.0",
        "got": "^9.6.0",
        "lodash": "^4.17.15",
        "luxon": "^1.19.3",
        "query-string": "^6.8.3"
      }
    },
    "once": {
      "version": "1.4.0",
      "resolved": "https://registry.npmjs.org/once/-/once-1.4.0.tgz",
      "integrity": "sha512-lNaJgI+2Q5URQBkccEKHTQOPaXdUxnZZElQTZY0MFUAuaEqe1E+Nyvgdz/aIyNi6Z9MzO5dv1H8n58/GELp3+w==",
      "requires": {
        "wrappy": "1"
      }
    },
    "p-cancelable": {
      "version": "1.1.0",
      "resolved": "https://registry.npmjs.org/p-cancelable/-/p-cancelable-1.1.0.tgz",
      "integrity": "sha512-s73XxOZ4zpt1edZYZzvhqFa6uvQc1vwUa0K0BdtIZgQMAJj9IbebH+JkgKZc9h+B05PKHLOTl4ajG1BmNrVZlw=="
    },
    "prepend-http": {
      "version": "2.0.0",
      "resolved": "https://registry.npmjs.org/prepend-http/-/prepend-http-2.0.0.tgz",
      "integrity": "sha512-ravE6m9Atw9Z/jjttRUZ+clIXogdghyZAuWJ3qEzjT+jI/dL1ifAqhZeC5VHzQp1MSt1+jxKkFNemj/iO7tVUA=="
    },
    "pump": {
      "version": "3.0.0",
      "resolved": "https://registry.npmjs.org/pump/-/pump-3.0.0.tgz",
      "integrity": "sha512-LwZy+p3SFs1Pytd/jYct4wpv49HiYCqd9Rlc5ZVdk0V+8Yzv6jR5Blk3TRmPL1ft69TxP0IMZGJ+WPFU2BFhww==",
      "requires": {
        "end-of-stream": "^1.1.0",
        "once": "^1.3.1"
      }
    },
    "query-string": {
      "version": "6.14.1",
      "resolved": "https://registry.npmjs.org/query-string/-/query-string-6.14.1.tgz",
      "integrity": "sha512-XDxAeVmpfu1/6IjyT/gXHOl+S0vQ9owggJ30hhWKdHAsNPOcasn5o9BW0eejZqL2e4vMjhAxoW3jVHcD6mbcYw==",
      "requires": {
        "decode-uri-component": "^0.2.0",
        "filter-obj": "^1.1.0",
        "split-on-first": "^1.0.0",
        "strict-uri-encode": "^2.0.0"
      }
    },
    "responselike": {
      "version": "1.0.2",
      "resolved": "https://registry.npmjs.org/responselike/-/responselike-1.0.2.tgz",
      "integrity": "sha512-/Fpe5guzJk1gPqdJLJR5u7eG/gNY4nImjbRDaVWVMRhne55TCmj2i9Q+54PBRfatRC8v/rIiv9BN0pMd9OV5EQ==",
      "requires": {
        "lowercase-keys": "^1.0.0"
      }
    },
    "split-on-first": {
      "version": "1.1.0",
      "resolved": "https://registry.npmjs.org/split-on-first/-/split-on-first-1.1.0.tgz",
      "integrity": "sha512-43ZssAJaMusuKWL8sKUBQXHWOpq8d6CfN/u1p4gUzfJkM05C8rxTmYrkIPTXapZpORA6LkkzcUulJ8FqA7Uudw=="
    },
    "strict-uri-encode": {
      "version": "2.0.0",
      "resolved": "https://registry.npmjs.org/strict-uri-encode/-/strict-uri-encode-2.0.0.tgz",
      "integrity": "sha512-QwiXZgpRcKkhTj2Scnn++4PKtWsH0kpzZ62L2R6c/LUVYv7hVnZqcg2+sMuT6R7Jusu1vviK/MFsu6kNJfWlEQ=="
    },
    "to-readable-stream": {
      "version": "1.0.0",
      "resolved": "https://registry.npmjs.org/to-readable-stream/-/to-readable-stream-1.0.0.tgz",
      "integrity": "sha512-Iq25XBt6zD5npPhlLVXGFN3/gyR2/qODcKNNyTMd4vbm39HUaOiAM4PMq0eMVC/Tkxz+Zjdsc55g9yyz+Yq00Q=="
    },
    "url-parse-lax": {
      "version": "3.0.0",
      "resolved": "https://registry.npmjs.org/url-parse-lax/-/url-parse-lax-3.0.0.tgz",
      "integrity": "sha512-NjFKA0DidqPa5ciFcSrXnAltTtzz84ogy+NebPvfEgAck0+TNg4UJ4IN+fB7zRZfbgUf0syOo9MDxFkDSMuFaQ==",
      "requires": {
        "prepend-http": "^2.0.0"
      }
    },
    "validate-fptf": {
      "version": "2.2.0",
      "resolved": "https://registry.npmjs.org/validate-fptf/-/validate-fptf-2.2.0.tgz",
      "integrity": "sha512-k+CEH2yYs/Je1tlLYPhv1lOR2mvaa//riLMPuAEUO0xdzvZPRIaG9sbbeSSuiKhK09y7XFNRYoE4cFIrQIfQIw==",
      "requires": {
        "@sindresorhus/is": "^0.3.0",
        "is-coordinates": "^2.0.2",
        "is-currency-code": "^1.2.0"
      },
      "dependencies": {
        "@sindresorhus/is": {
          "version": "0.3.0",
          "resolved": "https://registry.npmjs.org/@sindresorhus/is/-/is-0.3.0.tgz",
          "integrity": "sha512-oITNea0S2WJA4WCkoiQxjZKPEKkdE/9xYcGxkMu4PqVxaU91541HdudB25Z8im58jJ3z7yOx1WQQG2jWIzZ5xQ=="
        }
      }
    },
    "wrappy": {
      "version": "1.0.2",
      "resolved": "https://registry.npmjs.org/wrappy/-/wrappy-1.0.2.tgz",
      "integrity": "sha512-l4Sp/DRseor9wL6EvV2+TuQn63dMkPjZ/sp9XkghTEbV9KlPS1xUsZ3u7/IQO4wxtcFB4bgpQPRcR3QCvezPcQ=="
    }
  }
}
